
Microsoft Visual Studio Solution File, Format Version 12.00
# Visual Studio Version 17
VisualStudioVersion = 17.9.34701.34
MinimumVisualStudioVersion = 10.0.40219.1
Project("{8BC9CEB8-8B4A-11D0-8D11-00A0C91BC942}") = "0419-01", "0419-01.vcxproj", "{251DD022-A065-4AA8-A265-44576209123C}"
EndProject
Global
	GlobalSection(SolutionConfigurationPlatforms) = preSolution
		Debug|x64 = Debug|x64
		Debug|x86 = Debug|x86
		Release|x64 = Release|x64
		Release|x86 = Release|x86
	EndGlobalSection
	GlobalSection(ProjectConfigurationPlatforms) = postSolution
		{251DD022-A065-4AA8-A265-44576209123C}.Debug|x64.ActiveCfg = Debug|x64
		{251DD022-A065-4AA8-A265-44576209123C}.Debug|x64.Build.0 = Debug|x64
		{251DD022-A065-4AA8-A265-44576209123C}.Debug|x86.ActiveCfg = Debug|Win32
		{251DD022-A065-4AA8-A265-44576209123C}.Debug|x86.Build.0 = Debug|Win32
		{251DD022-A065-4AA8-A265-44576209123C}.Release|x64.ActiveCfg = Release|x64
		{251DD022-A065-4AA8-A265-44576209123C}.Release|x64.Build.0 = Release|x64
		{251DD022-A065-4AA8-A265-44576209123C}.Release|x86.ActiveCfg = Release|Win32
		{251DD022-A065-4AA8-A265-44576209123C}.Release|x86.Build.0 = Release|Win32
	EndGlobalSection
	GlobalSection(SolutionProperties) = preSolution
		HideSolutionNode = FALSE
	EndGlobalSection
	GlobalSection(ExtensibilityGlobals) = postSolution
		SolutionGuid = {10ADBFF9-E58F-4D64-AB8A-478136C967CB}
	EndGlobalSection
EndGlobal
